<?xml version="1.0" encoding="utf-8"?>
<Project ToolsVersion="4.0" xmlns="http://schemas.microsoft.com/developer/msbuild/2003">
  <ItemGroup>
    <ClCompile Include="Pch.cpp" />
    <ClCompile Include="DllMain.cpp" />
    <ClCompile Include="Mod.cpp" />
    <ClCompile Include="BaseTexture.cpp">
      <Filter>Textures</Filter>
    </ClCompile>
    <ClCompile Include="Texture.cpp">
      <Filter>Textures</Filter>
    </ClCompile>
    <ClCompile Include="VertexDeclaration.cpp">
      <Filter>Vertices</Filter>
    </ClCompile>
    <ClCompile Include="Resource.cpp">
      <Filter>Resources</Filter>
    </ClCompile>
    <ClCompile Include="RenderTargetTexture.cpp">
      <Filter>Textures</Filter>
    </ClCompile>
    <ClCompile Include="DepthStencilTexture.cpp">
      <Filter>Textures</Filter>
    </ClCompile>
    <ClCompile Include="VertexShader.cpp">
      <Filter>Shaders</Filter>
    </ClCompile>
    <ClCompile Include="Configuration.cpp" />
    <ClCompile Include="Unknown.cpp" />
    <ClCompile Include="Buffer.cpp">
      <Filter>Resources</Filter>
    </ClCompile>
    <ClCompile Include="SwapChainOn12.cpp">
      <Filter>Device</Filter>
    </ClCompile>
    <ClCompile Include="SwapChainWaitable.cpp">
      <Filter>Device</Filter>
    </ClCompile>
    <ClCompile Include="DepthStencilSurface.cpp">
      <Filter>Textures</Filter>
    </ClCompile>
    <ClCompile Include="RenderTargetSurface.cpp">
      <Filter>Textures</Filter>
    </ClCompile>
    <ClCompile Include="Surface.cpp">
      <Filter>Textures</Filter>
    </ClCompile>
    <ClCompile Include="TypeConverter.cpp">
      <Filter>Resources</Filter>
    </ClCompile>
    <ClCompile Include="Device.cpp">
      <Filter>Device</Filter>
    </ClCompile>
    <ClCompile Include="D3D9.cpp">
      <Filter>Device</Filter>
    </ClCompile>
    <ClCompile Include="SwapChainDefault.cpp">
      <Filter>Device</Filter>
    </ClCompile>
    <ClCompile Include="..\..\GenerationsD3D9Ex\MemoryHandler.cpp">
      <Filter>Dependencies</Filter>
    </ClCompile>
    <ClCompile Include="..\..\..\Dependencies\DDSTextureLoader\DDSTextureLoader11.cpp">
      <Filter>Dependencies</Filter>
    </ClCompile>
  </ItemGroup>
  <ItemGroup>
    <ClInclude Include="Pch.h" />
    <ClInclude Include="BaseTexture.h">
      <Filter>Textures</Filter>
    </ClInclude>
    <ClInclude Include="Texture.h">
      <Filter>Textures</Filter>
    </ClInclude>
    <ClInclude Include="VertexDeclaration.h">
      <Filter>Vertices</Filter>
    </ClInclude>
    <ClInclude Include="Resource.h">
      <Filter>Resources</Filter>
    </ClInclude>
    <ClInclude Include="RenderTargetTexture.h">
      <Filter>Textures</Filter>
    </ClInclude>
    <ClInclude Include="DepthStencilTexture.h">
      <Filter>Textures</Filter>
    </ClInclude>
    <ClInclude Include="VertexShader.h">
      <Filter>Shaders</Filter>
    </ClInclude>
    <ClInclude Include="Configuration.h" />
    <ClInclude Include="Unknown.h" />
    <ClInclude Include="Buffer.h">
      <Filter>Resources</Filter>
    </ClInclude>
    <ClInclude Include="SwapChainWaitable.h">
      <Filter>Device</Filter>
    </ClInclude>
    <ClInclude Include="SwapChain.h">
      <Filter>Device</Filter>
    </ClInclude>
    <ClInclude Include="SwapChainOn12.h">
      <Filter>Device</Filter>
    </ClInclude>
    <ClInclude Include="DepthStencilSurface.h">
      <Filter>Textures</Filter>
    </ClInclude>
    <ClInclude Include="RenderTargetSurface.h">
      <Filter>Textures</Filter>
    </ClInclude>
    <ClInclude Include="Surface.h">
      <Filter>Textures</Filter>
    </ClInclude>
    <ClInclude Include="TypeConverter.h">
      <Filter>Resources</Filter>
    </ClInclude>
    <ClInclude Include="Device.h">
      <Filter>Device</Filter>
    </ClInclude>
    <ClInclude Include="D3D9.h">
      <Filter>Device</Filter>
    </ClInclude>
    <ClInclude Include="CriticalSection.h">
      <Filter>Device</Filter>
    </ClInclude>
    <ClInclude Include="SwapChainDefault.h">
      <Filter>Device</Filter>
    </ClInclude>
  </ItemGroup>
  <ItemGroup>
    <Filter Include="Dependencies">
      <UniqueIdentifier>{b394c73c-561b-41cc-937f-54bb64ef2919}</UniqueIdentifier>
    </Filter>
    <Filter Include="Resources">
      <UniqueIdentifier>{d9eb1800-b755-4e52-bfec-7bb2807ca4d4}</UniqueIdentifier>
    </Filter>
    <Filter Include="Shaders">
      <UniqueIdentifier>{1e38a7de-11b8-4094-a889-40e5aa2b407d}</UniqueIdentifier>
    </Filter>
    <Filter Include="Textures">
      <UniqueIdentifier>{13288abc-ff3a-4ce5-99cc-cd0c19ddc91a}</UniqueIdentifier>
    </Filter>
    <Filter Include="Vertices">
      <UniqueIdentifier>{84c7ace6-a93c-4e06-898d-9a394e40b0da}</UniqueIdentifier>
    </Filter>
    <Filter Include="Device">
      <UniqueIdentifier>{a239bd54-67a7-4d6b-8a6d-93a1d3aa2ea1}</UniqueIdentifier>
    </Filter>
  </ItemGroup>
</Project>