<?xml version="1.0" encoding="utf-8"?>
<Project ToolsVersion="4.0" xmlns="http://schemas.microsoft.com/developer/msbuild/2003">
  <ItemGroup>
    <ClCompile Include="Pch.cpp" />
    <ClCompile Include="DllMain.cpp" />
    <ClCompile Include="Configuration.cpp" />
    <ClCompile Include="Mod.cpp" />
    <ClCompile Include="ResolutionScaler.cpp">
      <Filter>Scale</Filter>
    </ClCompile>
    <ClCompile Include="BloomScaleFixer.cpp">
      <Filter>Scale</Filter>
    </ClCompile>
    <ClCompile Include="DofScaleFixer.cpp">
      <Filter>Scale</Filter>
    </ClCompile>
    <ClCompile Include="FxPipelineEnabler.cpp">
      <Filter>Renderer</Filter>
    </ClCompile>
    <ClCompile Include="ShadowHandler.cpp">
      <Filter>Shadow</Filter>
    </ClCompile>
    <ClCompile Include="TransparentShadowFixer.cpp">
      <Filter>Shadow</Filter>
    </ClCompile>
    <ClCompile Include="ParticlePostProcessor.cpp">
      <Filter>Renderer</Filter>
    </ClCompile>
    <ClCompile Include="SceneEffectOverrider.cpp">
      <Filter>Renderer</Filter>
    </ClCompile>
    <ClCompile Include="ShadowCaster.cpp">
      <Filter>Shadow</Filter>
    </ClCompile>
    <ClCompile Include="LoadingScreenFixer.cpp">
      <Filter>Renderer</Filter>
    </ClCompile>
    <ClCompile Include="ParameterFixer.cpp">
      <Filter>Renderer</Filter>
    </ClCompile>
    <ClCompile Include="FxaaRenderer.cpp">
      <Filter>Renderer</Filter>
    </ClCompile>
    <ClCompile Include="Types.cpp" />
    <ClCompile Include="ShaderLoader.cpp">
      <Filter>Other</Filter>
    </ClCompile>
    <ClCompile Include="BloomTypeHandler.cpp">
      <Filter>Renderer</Filter>
    </ClCompile>
    <ClCompile Include="LightShaftRenderer.cpp">
      <Filter>Renderer</Filter>
    </ClCompile>
  </ItemGroup>
  <ItemGroup>
    <ClInclude Include="Pch.h" />
    <ClInclude Include="Configuration.h" />
    <ClInclude Include="ResolutionScaler.h">
      <Filter>Scale</Filter>
    </ClInclude>
    <ClInclude Include="BloomScaleFixer.h">
      <Filter>Scale</Filter>
    </ClInclude>
    <ClInclude Include="DofScaleFixer.h">
      <Filter>Scale</Filter>
    </ClInclude>
    <ClInclude Include="FxPipelineEnabler.h">
      <Filter>Renderer</Filter>
    </ClInclude>
    <ClInclude Include="ShadowHandler.h">
      <Filter>Shadow</Filter>
    </ClInclude>
    <ClInclude Include="TransparentShadowFixer.h">
      <Filter>Shadow</Filter>
    </ClInclude>
    <ClInclude Include="ParticlePostProcessor.h">
      <Filter>Renderer</Filter>
    </ClInclude>
    <ClInclude Include="SceneEffectOverrider.h">
      <Filter>Renderer</Filter>
    </ClInclude>
    <ClInclude Include="ShadowCaster.h">
      <Filter>Shadow</Filter>
    </ClInclude>
    <ClInclude Include="LoadingScreenFixer.h">
      <Filter>Renderer</Filter>
    </ClInclude>
    <ClInclude Include="ParameterFixer.h">
      <Filter>Renderer</Filter>
    </ClInclude>
    <ClInclude Include="Hash.h" />
    <ClInclude Include="Types.h" />
    <ClInclude Include="Functions.h" />
    <ClInclude Include="FxaaRenderer.h">
      <Filter>Renderer</Filter>
    </ClInclude>
    <ClInclude Include="ShaderLoader.h">
      <Filter>Other</Filter>
    </ClInclude>
    <ClInclude Include="BloomTypeHandler.h">
      <Filter>Renderer</Filter>
    </ClInclude>
    <ClInclude Include="LightShaftRenderer.h">
      <Filter>Renderer</Filter>
    </ClInclude>
  </ItemGroup>
  <ItemGroup>
    <Filter Include="Shadow">
      <UniqueIdentifier>{9e1103a4-4555-4d6e-b170-28bbfa951ca4}</UniqueIdentifier>
    </Filter>
    <Filter Include="Renderer">
      <UniqueIdentifier>{39ad817a-58a7-454e-8b90-89e0b21b394a}</UniqueIdentifier>
    </Filter>
    <Filter Include="Scale">
      <UniqueIdentifier>{e7d7cb61-c79b-4ccf-b26a-1a71df65e3e4}</UniqueIdentifier>
    </Filter>
    <Filter Include="Other">
      <UniqueIdentifier>{5c83a44c-a1ac-407b-8c9f-20213ea29c1a}</UniqueIdentifier>
    </Filter>
    <Filter Include="Resources">
      <UniqueIdentifier>{72c181d6-49ba-4f3e-b825-4d3125c78921}</UniqueIdentifier>
    </Filter>
  </ItemGroup>
  <ItemGroup>
    <FxCompile Include="CopyTexture.wvu.hlsl">
      <Filter>Resources</Filter>
    </FxCompile>
    <FxCompile Include="CopyTexture.wpu.hlsl">
      <Filter>Resources</Filter>
    </FxCompile>
  </ItemGroup>
</Project>