<?xml version="1.0" encoding="utf-8"?>
<Project ToolsVersion="4.0" xmlns="http://schemas.microsoft.com/developer/msbuild/2003">
  <ItemGroup>
    <ClCompile Include="Pch.cpp" />
    <ClCompile Include="Configuration.cpp" />
    <ClCompile Include="Mod.cpp" />
    <ClCompile Include="AntiAliasing.cpp">
      <Filter>PostEffect</Filter>
    </ClCompile>
    <ClCompile Include="SkyReflectionFix.cpp">
      <Filter>Patches</Filter>
    </ClCompile>
    <ClCompile Include="LuminanceRangeFix.cpp">
      <Filter>Patches</Filter>
    </ClCompile>
    <ClCompile Include="ParameterManager.cpp">
      <Filter>SceneEffect</Filter>
    </ClCompile>
    <ClCompile Include="DirectionalShadowImpl.cpp">
      <Filter>SceneEffect</Filter>
    </ClCompile>
    <ClCompile Include="BloomTypeImpl.cpp">
      <Filter>PostEffect</Filter>
    </ClCompile>
    <ClCompile Include="LightShaftImpl.cpp">
      <Filter>PostEffect</Filter>
    </ClCompile>
    <ClCompile Include="ShaderListPatch.cpp">
      <Filter>Patches</Filter>
    </ClCompile>
    <ClCompile Include="ResolutionScaling.cpp">
      <Filter>Patches</Filter>
    </ClCompile>
    <ClCompile Include="ShadowCastImpl.cpp">
      <Filter>SceneEffect</Filter>
    </ClCompile>
    <ClCompile Include="ShaderCodePatch.cpp">
      <Filter>Patches</Filter>
    </ClCompile>
    <ClCompile Include="BloomResolutionFix.cpp">
      <Filter>Patches</Filter>
    </ClCompile>
    <ClCompile Include="ParticlePostProcessing.cpp">
      <Filter>PostEffect</Filter>
    </ClCompile>
    <ClCompile Include="DeprecatedCode.cpp">
      <Filter>Patches</Filter>
    </ClCompile>
  </ItemGroup>
  <ItemGroup>
    <ClInclude Include="Pch.h" />
    <ClInclude Include="Configuration.h" />
    <ClInclude Include="AntiAliasing.h">
      <Filter>PostEffect</Filter>
    </ClInclude>
    <ClInclude Include="SkyReflectionFix.h">
      <Filter>Patches</Filter>
    </ClInclude>
    <ClInclude Include="LuminanceRangeFix.h">
      <Filter>Patches</Filter>
    </ClInclude>
    <ClInclude Include="ParameterManager.h">
      <Filter>SceneEffect</Filter>
    </ClInclude>
    <ClInclude Include="DirectionalShadowImpl.h">
      <Filter>SceneEffect</Filter>
    </ClInclude>
    <ClInclude Include="BloomTypeImpl.h">
      <Filter>PostEffect</Filter>
    </ClInclude>
    <ClInclude Include="LightShaftImpl.h">
      <Filter>PostEffect</Filter>
    </ClInclude>
    <ClInclude Include="ShaderListPatch.h">
      <Filter>Patches</Filter>
    </ClInclude>
    <ClInclude Include="ResolutionScaling.h">
      <Filter>Patches</Filter>
    </ClInclude>
    <ClInclude Include="ShadowCastImpl.h">
      <Filter>SceneEffect</Filter>
    </ClInclude>
    <ClInclude Include="ShaderCodePatch.h">
      <Filter>Patches</Filter>
    </ClInclude>
    <ClInclude Include="BloomResolutionFix.h">
      <Filter>Patches</Filter>
    </ClInclude>
    <ClInclude Include="ParticlePostProcessing.h">
      <Filter>PostEffect</Filter>
    </ClInclude>
    <ClInclude Include="DeprecatedCode.h">
      <Filter>Patches</Filter>
    </ClInclude>
  </ItemGroup>
  <ItemGroup>
    <Filter Include="Resources">
      <UniqueIdentifier>{72c181d6-49ba-4f3e-b825-4d3125c78921}</UniqueIdentifier>
    </Filter>
    <Filter Include="PostEffect">
      <UniqueIdentifier>{6a7189d9-7d27-4af6-b8e0-b87adee71ff7}</UniqueIdentifier>
    </Filter>
    <Filter Include="Patches">
      <UniqueIdentifier>{d43d2e11-c81c-42dd-a316-0f964521044f}</UniqueIdentifier>
    </Filter>
    <Filter Include="SceneEffect">
      <UniqueIdentifier>{1ea76353-d4a1-4679-8c08-49887fc89b92}</UniqueIdentifier>
    </Filter>
  </ItemGroup>
  <ItemGroup>
    <FxCompile Include="MotionBlur.wpu.hlsl">
      <Filter>Resources</Filter>
    </FxCompile>
  </ItemGroup>
</Project>