
Microsoft Visual Studio Solution File, Format Version 12.00
# Visual Studio Version 17
VisualStudioVersion = 17.0.32126.317
MinimumVisualStudioVersion = 10.0.40219.1
Project("{8BC9CEB8-8B4A-11D0-8D11-00A0C91BC942}") = "GenerationsD3D11", "Mod\GenerationsD3D11.vcxproj", "{A7F23076-1635-4C81-A067-04A229B823CD}"
EndProject
Project("{2150E333-8FDC-42A3-9474-1A3956D46DE8}") = "Mod", "Mod", "{F4533414-FB31-4A6D-A274-BC0C183566AE}"
EndProject
Project("{2150E333-8FDC-42A3-9474-1A3956D46DE8}") = "Tool", "Tool", "{6742FDE3-CCDB-44C9-BA36-8143660E018E}"
EndProject
Project("{9A19103F-16F7-4668-BE54-9A1E7A4F7556}") = "ShaderTranslator", "Tool\ShaderTranslator\ShaderTranslator.csproj", "{72407155-A56D-416E-A369-73F64334D5E9}"
EndProject
Project("{9A19103F-16F7-4668-BE54-9A1E7A4F7556}") = "ShaderTranslator.Test", "Tool\ShaderTranslator.Test\ShaderTranslator.Test.csproj", "{8585CF9D-A608-4D85-B9BA-EF595AD882D7}"
EndProject
Project("{FAE04EC0-301F-11D3-BF4B-00C04F79EFBC}") = "ShaderTranslator.Bridge", "Tool\ShaderTranslator.Bridge\ShaderTranslator.Bridge.csproj", "{1FB25D41-DA44-4CD0-8F66-55CA33219E40}"
EndProject
Global
	GlobalSection(SolutionConfigurationPlatforms) = preSolution
		Debug|Any CPU = Debug|Any CPU
		Debug|x86 = Debug|x86
		Release|Any CPU = Release|Any CPU
		Release|x86 = Release|x86
	EndGlobalSection
	GlobalSection(ProjectConfigurationPlatforms) = postSolution
		{A7F23076-1635-4C81-A067-04A229B823CD}.Debug|Any CPU.ActiveCfg = Debug|Win32
		{A7F23076-1635-4C81-A067-04A229B823CD}.Debug|Any CPU.Build.0 = Debug|Win32
		{A7F23076-1635-4C81-A067-04A229B823CD}.Debug|x86.ActiveCfg = Debug|Win32
		{A7F23076-1635-4C81-A067-04A229B823CD}.Debug|x86.Build.0 = Debug|Win32
		{A7F23076-1635-4C81-A067-04A229B823CD}.Release|Any CPU.ActiveCfg = Release|Win32
		{A7F23076-1635-4C81-A067-04A229B823CD}.Release|Any CPU.Build.0 = Release|Win32
		{A7F23076-1635-4C81-A067-04A229B823CD}.Release|x86.ActiveCfg = Release|Win32
		{A7F23076-1635-4C81-A067-04A229B823CD}.Release|x86.Build.0 = Release|Win32
		{72407155-A56D-416E-A369-73F64334D5E9}.Debug|Any CPU.ActiveCfg = Debug|Any CPU
		{72407155-A56D-416E-A369-73F64334D5E9}.Debug|Any CPU.Build.0 = Debug|Any CPU
		{72407155-A56D-416E-A369-73F64334D5E9}.Debug|x86.ActiveCfg = Debug|Any CPU
		{72407155-A56D-416E-A369-73F64334D5E9}.Debug|x86.Build.0 = Debug|Any CPU
		{72407155-A56D-416E-A369-73F64334D5E9}.Release|Any CPU.ActiveCfg = Release|Any CPU
		{72407155-A56D-416E-A369-73F64334D5E9}.Release|Any CPU.Build.0 = Release|Any CPU
		{72407155-A56D-416E-A369-73F64334D5E9}.Release|x86.ActiveCfg = Release|Any CPU
		{72407155-A56D-416E-A369-73F64334D5E9}.Release|x86.Build.0 = Release|Any CPU
		{8585CF9D-A608-4D85-B9BA-EF595AD882D7}.Debug|Any CPU.ActiveCfg = Debug|Any CPU
		{8585CF9D-A608-4D85-B9BA-EF595AD882D7}.Debug|Any CPU.Build.0 = Debug|Any CPU
		{8585CF9D-A608-4D85-B9BA-EF595AD882D7}.Debug|x86.ActiveCfg = Debug|Any CPU
		{8585CF9D-A608-4D85-B9BA-EF595AD882D7}.Debug|x86.Build.0 = Debug|Any CPU
		{8585CF9D-A608-4D85-B9BA-EF595AD882D7}.Release|Any CPU.ActiveCfg = Release|Any CPU
		{8585CF9D-A608-4D85-B9BA-EF595AD882D7}.Release|Any CPU.Build.0 = Release|Any CPU
		{8585CF9D-A608-4D85-B9BA-EF595AD882D7}.Release|x86.ActiveCfg = Release|Any CPU
		{8585CF9D-A608-4D85-B9BA-EF595AD882D7}.Release|x86.Build.0 = Release|Any CPU
		{1FB25D41-DA44-4CD0-8F66-55CA33219E40}.Debug|Any CPU.ActiveCfg = Debug|Any CPU
		{1FB25D41-DA44-4CD0-8F66-55CA33219E40}.Debug|Any CPU.Build.0 = Debug|Any CPU
		{1FB25D41-DA44-4CD0-8F66-55CA33219E40}.Debug|x86.ActiveCfg = Debug|Any CPU
		{1FB25D41-DA44-4CD0-8F66-55CA33219E40}.Debug|x86.Build.0 = Debug|Any CPU
		{1FB25D41-DA44-4CD0-8F66-55CA33219E40}.Release|Any CPU.ActiveCfg = Release|Any CPU
		{1FB25D41-DA44-4CD0-8F66-55CA33219E40}.Release|Any CPU.Build.0 = Release|Any CPU
		{1FB25D41-DA44-4CD0-8F66-55CA33219E40}.Release|x86.ActiveCfg = Release|Any CPU
		{1FB25D41-DA44-4CD0-8F66-55CA33219E40}.Release|x86.Build.0 = Release|Any CPU
	EndGlobalSection
	GlobalSection(SolutionProperties) = preSolution
		HideSolutionNode = FALSE
	EndGlobalSection
	GlobalSection(NestedProjects) = preSolution
		{A7F23076-1635-4C81-A067-04A229B823CD} = {F4533414-FB31-4A6D-A274-BC0C183566AE}
		{72407155-A56D-416E-A369-73F64334D5E9} = {6742FDE3-CCDB-44C9-BA36-8143660E018E}
		{8585CF9D-A608-4D85-B9BA-EF595AD882D7} = {6742FDE3-CCDB-44C9-BA36-8143660E018E}
		{1FB25D41-DA44-4CD0-8F66-55CA33219E40} = {6742FDE3-CCDB-44C9-BA36-8143660E018E}
	EndGlobalSection
	GlobalSection(ExtensibilityGlobals) = postSolution
		SolutionGuid = {D0080769-B7C5-4CA8-9EF2-60426F62CA02}
	EndGlobalSection
EndGlobal
