<?xml version="1.0" encoding="utf-8"?>
<Project ToolsVersion="4.0" xmlns="http://schemas.microsoft.com/developer/msbuild/2003">
  <ItemGroup>
    <ClCompile Include="Pch.cpp" />
    <ClCompile Include="DllMain.cpp" />
    <ClCompile Include="Mod.cpp" />
    <ClCompile Include="Unknown.cpp">
      <Filter>Base</Filter>
    </ClCompile>
    <ClCompile Include="BaseTexture.cpp">
      <Filter>Base\Textures</Filter>
    </ClCompile>
    <ClCompile Include="Texture.cpp">
      <Filter>Base\Textures</Filter>
    </ClCompile>
    <ClCompile Include="Surface.cpp">
      <Filter>Base\Surfaces</Filter>
    </ClCompile>
    <ClCompile Include="VertexDeclaration.cpp">
      <Filter>Base\Vertices</Filter>
    </ClCompile>
    <ClCompile Include="Resource.cpp">
      <Filter>Base\Resources</Filter>
    </ClCompile>
    <ClCompile Include="D3D9.cpp">
      <Filter>Base</Filter>
    </ClCompile>
    <ClCompile Include="TypeConverter.cpp">
      <Filter>Base</Filter>
    </ClCompile>
    <ClCompile Include="RenderTargetTexture.cpp">
      <Filter>Base\Textures</Filter>
    </ClCompile>
    <ClCompile Include="DepthStencilTexture.cpp">
      <Filter>Base\Textures</Filter>
    </ClCompile>
    <ClCompile Include="Buffer.cpp">
      <Filter>Base\Buffers</Filter>
    </ClCompile>
    <ClCompile Include="RenderTargetSurface.cpp">
      <Filter>Base\Surfaces</Filter>
    </ClCompile>
    <ClCompile Include="DepthStencilSurface.cpp">
      <Filter>Base\Surfaces</Filter>
    </ClCompile>
    <ClCompile Include="..\GenerationsD3D9Ex\MemoryHandler.cpp">
      <Filter>Dependencies</Filter>
    </ClCompile>
    <ClCompile Include="..\..\Dependencies\DDSTextureLoader\DDSTextureLoader11.cpp">
      <Filter>Dependencies</Filter>
    </ClCompile>
    <ClCompile Include="VertexShader.cpp">
      <Filter>Base\Shaders</Filter>
    </ClCompile>
    <ClCompile Include="Configuration.cpp" />
    <ClCompile Include="Device.cpp">
      <Filter>Base</Filter>
    </ClCompile>
    <ClCompile Include="SwapChainOn12.cpp">
      <Filter>Base\Present</Filter>
    </ClCompile>
    <ClCompile Include="SwapChainWaitable.cpp">
      <Filter>Base\Present</Filter>
    </ClCompile>
  </ItemGroup>
  <ItemGroup>
    <ClInclude Include="Pch.h" />
    <ClInclude Include="Unknown.h">
      <Filter>Base</Filter>
    </ClInclude>
    <ClInclude Include="BaseTexture.h">
      <Filter>Base\Textures</Filter>
    </ClInclude>
    <ClInclude Include="Texture.h">
      <Filter>Base\Textures</Filter>
    </ClInclude>
    <ClInclude Include="Surface.h">
      <Filter>Base\Surfaces</Filter>
    </ClInclude>
    <ClInclude Include="VertexDeclaration.h">
      <Filter>Base\Vertices</Filter>
    </ClInclude>
    <ClInclude Include="Resource.h">
      <Filter>Base\Resources</Filter>
    </ClInclude>
    <ClInclude Include="D3D9.h">
      <Filter>Base</Filter>
    </ClInclude>
    <ClInclude Include="TypeConverter.h">
      <Filter>Base</Filter>
    </ClInclude>
    <ClInclude Include="RenderTargetTexture.h">
      <Filter>Base\Textures</Filter>
    </ClInclude>
    <ClInclude Include="DepthStencilTexture.h">
      <Filter>Base\Textures</Filter>
    </ClInclude>
    <ClInclude Include="Buffer.h">
      <Filter>Base\Buffers</Filter>
    </ClInclude>
    <ClInclude Include="RenderTargetSurface.h">
      <Filter>Base\Surfaces</Filter>
    </ClInclude>
    <ClInclude Include="DepthStencilSurface.h">
      <Filter>Base\Surfaces</Filter>
    </ClInclude>
    <ClInclude Include="..\GenerationsD3D9Ex\MemoryHandler.h">
      <Filter>Dependencies</Filter>
    </ClInclude>
    <ClInclude Include="..\..\Dependencies\DDSTextureLoader\DDSTextureLoader11.h">
      <Filter>Dependencies</Filter>
    </ClInclude>
    <ClInclude Include="VertexShader.h">
      <Filter>Base\Shaders</Filter>
    </ClInclude>
    <ClInclude Include="Configuration.h" />
    <ClInclude Include="CriticalSection.h">
      <Filter>Base</Filter>
    </ClInclude>
    <ClInclude Include="Device.h">
      <Filter>Base</Filter>
    </ClInclude>
    <ClInclude Include="SwapChainOn12.h">
      <Filter>Base\Present</Filter>
    </ClInclude>
    <ClInclude Include="SwapChain.h">
      <Filter>Base\Present</Filter>
    </ClInclude>
    <ClInclude Include="SwapChainWaitable.h">
      <Filter>Base\Present</Filter>
    </ClInclude>
  </ItemGroup>
  <ItemGroup>
    <Filter Include="Base">
      <UniqueIdentifier>{3062963d-746a-4531-a8c6-aaeb9d41ea40}</UniqueIdentifier>
    </Filter>
    <Filter Include="Base\Textures">
      <UniqueIdentifier>{13288abc-ff3a-4ce5-99cc-cd0c19ddc91a}</UniqueIdentifier>
    </Filter>
    <Filter Include="Base\Surfaces">
      <UniqueIdentifier>{a0efd585-99b6-4348-bda5-ce9d22f0adc6}</UniqueIdentifier>
    </Filter>
    <Filter Include="Base\Vertices">
      <UniqueIdentifier>{84c7ace6-a93c-4e06-898d-9a394e40b0da}</UniqueIdentifier>
    </Filter>
    <Filter Include="Base\Resources">
      <UniqueIdentifier>{d9eb1800-b755-4e52-bfec-7bb2807ca4d4}</UniqueIdentifier>
    </Filter>
    <Filter Include="Dependencies">
      <UniqueIdentifier>{b394c73c-561b-41cc-937f-54bb64ef2919}</UniqueIdentifier>
    </Filter>
    <Filter Include="Base\Buffers">
      <UniqueIdentifier>{f44a5115-c2ba-4831-89ea-7740a52069a1}</UniqueIdentifier>
    </Filter>
    <Filter Include="Base\Shaders">
      <UniqueIdentifier>{1e38a7de-11b8-4094-a889-40e5aa2b407d}</UniqueIdentifier>
    </Filter>
    <Filter Include="Base\Present">
      <UniqueIdentifier>{8472baa1-06f2-4b84-9ef8-520f0520e663}</UniqueIdentifier>
    </Filter>
  </ItemGroup>
</Project>