
Microsoft Visual Studio Solution File, Format Version 12.00
# Visual Studio Version 16
VisualStudioVersion = 16.0.29709.97
MinimumVisualStudioVersion = 10.0.40219.1
Project("{8BC9CEB8-8B4A-11D0-8D11-00A0C91BC942}") = "GenerationsFreeCamera", "GenerationsFreeCamera.vcxproj", "{F5B144C3-E2F9-48BC-9391-817AEB3004D9}"
EndProject
Global
	GlobalSection(SolutionConfigurationPlatforms) = preSolution
		Debug|x86 = Debug|x86
		Release|x86 = Release|x86
	EndGlobalSection
	GlobalSection(ProjectConfigurationPlatforms) = postSolution
		{F5B144C3-E2F9-48BC-9391-817AEB3004D9}.Debug|x86.ActiveCfg = Debug|Win32
		{F5B144C3-E2F9-48BC-9391-817AEB3004D9}.Debug|x86.Build.0 = Debug|Win32
		{F5B144C3-E2F9-48BC-9391-817AEB3004D9}.Release|x86.ActiveCfg = Release|Win32
		{F5B144C3-E2F9-48BC-9391-817AEB3004D9}.Release|x86.Build.0 = Release|Win32
	EndGlobalSection
	GlobalSection(SolutionProperties) = preSolution
		HideSolutionNode = FALSE
	EndGlobalSection
	GlobalSection(ExtensibilityGlobals) = postSolution
		SolutionGuid = {0DDE899E-D5A3-4C10-987B-AB8344EA0626}
	EndGlobalSection
EndGlobal
