<?xml version="1.0" encoding="utf-8"?>
<Project ToolsVersion="4.0" xmlns="http://schemas.microsoft.com/developer/msbuild/2003">
  <ItemGroup>
    <ClCompile Include="Pch.cpp" />
    <ClCompile Include="Mod.cpp" />
    <ClCompile Include="FreeCamera.cpp" />
    <ClCompile Include="KeyBinding.cpp" />
    <ClCompile Include="UpdateDirector.cpp" />
    <ClCompile Include="Configuration.cpp" />
  </ItemGroup>
  <ItemGroup>
    <ClInclude Include="Pch.h" />
    <ClInclude Include="Math.h" />
    <ClInclude Include="FreeCamera.h" />
    <ClInclude Include="KeyBinding.h" />
    <ClInclude Include="UpdateDirector.h" />
    <ClInclude Include="Configuration.h" />
  </ItemGroup>
</Project>